
Microsoft Visual Studio Solution File, Format Version 12.00
# Visual Studio 2013
VisualStudioVersion = 12.0.31101.0
MinimumVisualStudioVersion = 10.0.40219.1
Project("{2150E333-8FDC-42A3-9474-1A3956D46DE8}") = "Solution Items", "Solution Items", "{13D1D557-EAA7-46A6-B5B1-4B72D755A548}"
EndProject
Project("{8BC9CEB8-8B4A-11D0-8D11-00A0C91BC942}") = "Point - Sphere", "Point - Sphere\Point - Sphere.vcxproj", "{6B78F1CF-8D57-41E0-AF9E-48A941406F61}"
EndProject
Global
	GlobalSection(SolutionConfigurationPlatforms) = preSolution
		Debug|Win32 = Debug|Win32
		Release|Win32 = Release|Win32
	EndGlobalSection
	GlobalSection(ProjectConfigurationPlatforms) = postSolution
		{6B78F1CF-8D57-41E0-AF9E-48A941406F61}.Debug|Win32.ActiveCfg = Debug|Win32
		{6B78F1CF-8D57-41E0-AF9E-48A941406F61}.Debug|Win32.Build.0 = Debug|Win32
		{6B78F1CF-8D57-41E0-AF9E-48A941406F61}.Release|Win32.ActiveCfg = Release|Win32
		{6B78F1CF-8D57-41E0-AF9E-48A941406F61}.Release|Win32.Build.0 = Release|Win32
	EndGlobalSection
	GlobalSection(SolutionProperties) = preSolution
		HideSolutionNode = FALSE
	EndGlobalSection
EndGlobal
